
Microsoft Visual Studio Solution File, Format Version 12.00
# Visual Studio Version 16
VisualStudioVersion = 16.0.31729.503
MinimumVisualStudioVersion = 10.0.40219.1
Project("{FAE04EC0-301F-11D3-BF4B-00C04F79EFBC}") = "StrattonUniversity", "StrattonUniversity.csproj", "{FA9B4B26-A281-48EF-AC21-069F6776036F}"
EndProject
Global
	GlobalSection(SolutionConfigurationPlatforms) = preSolution
		Debug|Any CPU = Debug|Any CPU
		Release|Any CPU = Release|Any CPU
	EndGlobalSection
	GlobalSection(ProjectConfigurationPlatforms) = postSolution
		{FA9B4B26-A281-48EF-AC21-069F6776036F}.Debug|Any CPU.ActiveCfg = Debug|Any CPU
		{FA9B4B26-A281-48EF-AC21-069F6776036F}.Debug|Any CPU.Build.0 = Debug|Any CPU
		{FA9B4B26-A281-48EF-AC21-069F6776036F}.Release|Any CPU.ActiveCfg = Release|Any CPU
		{FA9B4B26-A281-48EF-AC21-069F6776036F}.Release|Any CPU.Build.0 = Release|Any CPU
	EndGlobalSection
	GlobalSection(SolutionProperties) = preSolution
		HideSolutionNode = FALSE
	EndGlobalSection
	GlobalSection(ExtensibilityGlobals) = postSolution
		SolutionGuid = {7A67A0D8-0B07-4E5E-AD9E-6E7C755CAB1A}
	EndGlobalSection
EndGlobal
